
Microsoft Visual Studio Solution File, Format Version 12.00
# Visual Studio 15
VisualStudioVersion = 15.0.26124.0
MinimumVisualStudioVersion = 15.0.26124.0
Project("{FAE04EC0-301F-11D3-BF4B-00C04F79EFBC}") = "Case1", "Case1\Case1.csproj", "{50FE6595-FA4F-4C2E-A12F-8AE094207D32}"
EndProject
Project("{FAE04EC0-301F-11D3-BF4B-00C04F79EFBC}") = "Case5", "Case5\Case5.csproj", "{95FDC16B-DF5D-4058-B867-A08B2790B729}"
EndProject
Project("{FAE04EC0-301F-11D3-BF4B-00C04F79EFBC}") = "Case1.Unsolved", "Case1.Unsolved\Case1.Unsolved.csproj", "{8207BE61-0890-48E8-9F5B-1BE338C3CAF1}"
EndProject
Global
	GlobalSection(SolutionConfigurationPlatforms) = preSolution
		Debug|Any CPU = Debug|Any CPU
		Release|Any CPU = Release|Any CPU
	EndGlobalSection
	GlobalSection(ProjectConfigurationPlatforms) = postSolution
		{50FE6595-FA4F-4C2E-A12F-8AE094207D32}.Debug|Any CPU.ActiveCfg = Debug|Any CPU
		{50FE6595-FA4F-4C2E-A12F-8AE094207D32}.Release|Any CPU.ActiveCfg = Release|Any CPU
		{95FDC16B-DF5D-4058-B867-A08B2790B729}.Debug|Any CPU.ActiveCfg = Debug|Any CPU
		{95FDC16B-DF5D-4058-B867-A08B2790B729}.Debug|Any CPU.Build.0 = Debug|Any CPU
		{95FDC16B-DF5D-4058-B867-A08B2790B729}.Release|Any CPU.ActiveCfg = Release|Any CPU
		{95FDC16B-DF5D-4058-B867-A08B2790B729}.Release|Any CPU.Build.0 = Release|Any CPU
		{8207BE61-0890-48E8-9F5B-1BE338C3CAF1}.Debug|Any CPU.ActiveCfg = Debug|Any CPU
		{8207BE61-0890-48E8-9F5B-1BE338C3CAF1}.Debug|Any CPU.Build.0 = Debug|Any CPU
		{8207BE61-0890-48E8-9F5B-1BE338C3CAF1}.Release|Any CPU.ActiveCfg = Release|Any CPU
		{8207BE61-0890-48E8-9F5B-1BE338C3CAF1}.Release|Any CPU.Build.0 = Release|Any CPU
	EndGlobalSection
	GlobalSection(SolutionProperties) = preSolution
		HideSolutionNode = FALSE
	EndGlobalSection
	GlobalSection(ExtensibilityGlobals) = postSolution
		SolutionGuid = {6E935355-D283-478D-B169-10EAC167A79C}
	EndGlobalSection
EndGlobal
