
Microsoft Visual Studio Solution File, Format Version 12.00
# Visual Studio 15
VisualStudioVersion = 15.0.27703.2026
MinimumVisualStudioVersion = 10.0.40219.1
Project("{FAE04EC0-301F-11D3-BF4B-00C04F79EFBC}") = "Case1.Unsolved", "Case1.Unsolved\Case1.Unsolved.csproj", "{A39B742F-1D4B-41F5-AC51-9C35BB90A6C1}"
EndProject
Global
	GlobalSection(SolutionConfigurationPlatforms) = preSolution
		Debug|Any CPU = Debug|Any CPU
		Release|Any CPU = Release|Any CPU
	EndGlobalSection
	GlobalSection(ProjectConfigurationPlatforms) = postSolution
		{A39B742F-1D4B-41F5-AC51-9C35BB90A6C1}.Debug|Any CPU.ActiveCfg = Debug|Any CPU
		{A39B742F-1D4B-41F5-AC51-9C35BB90A6C1}.Debug|Any CPU.Build.0 = Debug|Any CPU
		{A39B742F-1D4B-41F5-AC51-9C35BB90A6C1}.Release|Any CPU.ActiveCfg = Release|Any CPU
		{A39B742F-1D4B-41F5-AC51-9C35BB90A6C1}.Release|Any CPU.Build.0 = Release|Any CPU
	EndGlobalSection
	GlobalSection(SolutionProperties) = preSolution
		HideSolutionNode = FALSE
	EndGlobalSection
	GlobalSection(ExtensibilityGlobals) = postSolution
		SolutionGuid = {CD0FD36C-EADC-47D3-8831-2E44D173FDB5}
	EndGlobalSection
EndGlobal
