
Microsoft Visual Studio Solution File, Format Version 12.00
# Visual Studio 15
VisualStudioVersion = 15.0.28307.271
MinimumVisualStudioVersion = 10.0.40219.1
Project("{FAE04EC0-301F-11D3-BF4B-00C04F79EFBC}") = "Case9.Unsolved", "Case9.Unsolved\Case9.Unsolved.csproj", "{287C716B-B0BE-4555-872F-5F621DBBC125}"
EndProject
Global
	GlobalSection(SolutionConfigurationPlatforms) = preSolution
		Debug|Any CPU = Debug|Any CPU
		Release|Any CPU = Release|Any CPU
	EndGlobalSection
	GlobalSection(ProjectConfigurationPlatforms) = postSolution
		{287C716B-B0BE-4555-872F-5F621DBBC125}.Debug|Any CPU.ActiveCfg = Debug|Any CPU
		{287C716B-B0BE-4555-872F-5F621DBBC125}.Debug|Any CPU.Build.0 = Debug|Any CPU
		{287C716B-B0BE-4555-872F-5F621DBBC125}.Release|Any CPU.ActiveCfg = Release|Any CPU
		{287C716B-B0BE-4555-872F-5F621DBBC125}.Release|Any CPU.Build.0 = Release|Any CPU
	EndGlobalSection
	GlobalSection(SolutionProperties) = preSolution
		HideSolutionNode = FALSE
	EndGlobalSection
	GlobalSection(ExtensibilityGlobals) = postSolution
		SolutionGuid = {4AE3658E-1F76-42B4-848C-6945951302D8}
	EndGlobalSection
EndGlobal
