
Microsoft Visual Studio Solution File, Format Version 12.00
# Visual Studio 15
VisualStudioVersion = 15.0.27703.2026
MinimumVisualStudioVersion = 10.0.40219.1
Project("{FAE04EC0-301F-11D3-BF4B-00C04F79EFBC}") = "Case1", "Case1\Case1.csproj", "{B911C5AC-00D2-4AB4-A527-75DD86B9244B}"
EndProject
Global
	GlobalSection(SolutionConfigurationPlatforms) = preSolution
		Debug|Any CPU = Debug|Any CPU
		Release|Any CPU = Release|Any CPU
	EndGlobalSection
	GlobalSection(ProjectConfigurationPlatforms) = postSolution
		{B911C5AC-00D2-4AB4-A527-75DD86B9244B}.Debug|Any CPU.ActiveCfg = Debug|Any CPU
		{B911C5AC-00D2-4AB4-A527-75DD86B9244B}.Debug|Any CPU.Build.0 = Debug|Any CPU
		{B911C5AC-00D2-4AB4-A527-75DD86B9244B}.Release|Any CPU.ActiveCfg = Release|Any CPU
		{B911C5AC-00D2-4AB4-A527-75DD86B9244B}.Release|Any CPU.Build.0 = Release|Any CPU
	EndGlobalSection
	GlobalSection(SolutionProperties) = preSolution
		HideSolutionNode = FALSE
	EndGlobalSection
	GlobalSection(ExtensibilityGlobals) = postSolution
		SolutionGuid = {BC81B978-C77E-445D-8A4C-85787FC9DE13}
	EndGlobalSection
EndGlobal
