
Microsoft Visual Studio Solution File, Format Version 12.00
# Visual Studio 15
VisualStudioVersion = 15.0.28307.421
MinimumVisualStudioVersion = 10.0.40219.1
Project("{FAE04EC0-301F-11D3-BF4B-00C04F79EFBC}") = "Localization.Unsolved", "Localization.Unsolved\Localization.Unsolved.csproj", "{EDFA2B42-E18C-460E-9A07-FA5924CFD387}"
EndProject
Global
	GlobalSection(SolutionConfigurationPlatforms) = preSolution
		Debug|Any CPU = Debug|Any CPU
		Release|Any CPU = Release|Any CPU
	EndGlobalSection
	GlobalSection(ProjectConfigurationPlatforms) = postSolution
		{EDFA2B42-E18C-460E-9A07-FA5924CFD387}.Debug|Any CPU.ActiveCfg = Debug|Any CPU
		{EDFA2B42-E18C-460E-9A07-FA5924CFD387}.Debug|Any CPU.Build.0 = Debug|Any CPU
		{EDFA2B42-E18C-460E-9A07-FA5924CFD387}.Release|Any CPU.ActiveCfg = Release|Any CPU
		{EDFA2B42-E18C-460E-9A07-FA5924CFD387}.Release|Any CPU.Build.0 = Release|Any CPU
	EndGlobalSection
	GlobalSection(SolutionProperties) = preSolution
		HideSolutionNode = FALSE
	EndGlobalSection
	GlobalSection(ExtensibilityGlobals) = postSolution
		SolutionGuid = {D3523BA5-07D2-4F51-B6F1-C13AE093C044}
	EndGlobalSection
EndGlobal
