
Microsoft Visual Studio Solution File, Format Version 12.00
# Visual Studio 15
VisualStudioVersion = 15.0.27703.2026
MinimumVisualStudioVersion = 10.0.40219.1
Project("{FAE04EC0-301F-11D3-BF4B-00C04F79EFBC}") = "Case7", "Case7\Case7.csproj", "{BDDF36D4-7483-48F1-A9FB-77766EF714AB}"
EndProject
Global
	GlobalSection(SolutionConfigurationPlatforms) = preSolution
		Debug|Any CPU = Debug|Any CPU
		Release|Any CPU = Release|Any CPU
	EndGlobalSection
	GlobalSection(ProjectConfigurationPlatforms) = postSolution
		{BDDF36D4-7483-48F1-A9FB-77766EF714AB}.Debug|Any CPU.ActiveCfg = Debug|Any CPU
		{BDDF36D4-7483-48F1-A9FB-77766EF714AB}.Debug|Any CPU.Build.0 = Debug|Any CPU
		{BDDF36D4-7483-48F1-A9FB-77766EF714AB}.Release|Any CPU.ActiveCfg = Release|Any CPU
		{BDDF36D4-7483-48F1-A9FB-77766EF714AB}.Release|Any CPU.Build.0 = Release|Any CPU
	EndGlobalSection
	GlobalSection(SolutionProperties) = preSolution
		HideSolutionNode = FALSE
	EndGlobalSection
	GlobalSection(ExtensibilityGlobals) = postSolution
		SolutionGuid = {E070D536-588E-4C73-A7E9-91770EB5203B}
	EndGlobalSection
EndGlobal
