
Microsoft Visual Studio Solution File, Format Version 12.00
# Visual Studio 15
VisualStudioVersion = 15.0.27703.2026
MinimumVisualStudioVersion = 10.0.40219.1
Project("{FAE04EC0-301F-11D3-BF4B-00C04F79EFBC}") = "Case2", "Case2\Case2.csproj", "{BA8D8A94-6029-44B4-A12C-7C4009AE6C57}"
EndProject
Global
	GlobalSection(SolutionConfigurationPlatforms) = preSolution
		Debug|Any CPU = Debug|Any CPU
		Release|Any CPU = Release|Any CPU
	EndGlobalSection
	GlobalSection(ProjectConfigurationPlatforms) = postSolution
		{BA8D8A94-6029-44B4-A12C-7C4009AE6C57}.Debug|Any CPU.ActiveCfg = Debug|Any CPU
		{BA8D8A94-6029-44B4-A12C-7C4009AE6C57}.Debug|Any CPU.Build.0 = Debug|Any CPU
		{BA8D8A94-6029-44B4-A12C-7C4009AE6C57}.Release|Any CPU.ActiveCfg = Release|Any CPU
		{BA8D8A94-6029-44B4-A12C-7C4009AE6C57}.Release|Any CPU.Build.0 = Release|Any CPU
	EndGlobalSection
	GlobalSection(SolutionProperties) = preSolution
		HideSolutionNode = FALSE
	EndGlobalSection
	GlobalSection(ExtensibilityGlobals) = postSolution
		SolutionGuid = {6FA48F58-872A-45B2-964B-3E67C0A4C017}
	EndGlobalSection
EndGlobal
