
Microsoft Visual Studio Solution File, Format Version 12.00
# Visual Studio 15
VisualStudioVersion = 15.0.28307.271
MinimumVisualStudioVersion = 10.0.40219.1
Project("{FAE04EC0-301F-11D3-BF4B-00C04F79EFBC}") = "DateTest", "DateTest\DateTest.csproj", "{13541DAA-EC8D-4412-A5A8-7AD36B474DA2}"
EndProject
Global
	GlobalSection(SolutionConfigurationPlatforms) = preSolution
		Debug|Any CPU = Debug|Any CPU
		Release|Any CPU = Release|Any CPU
	EndGlobalSection
	GlobalSection(ProjectConfigurationPlatforms) = postSolution
		{13541DAA-EC8D-4412-A5A8-7AD36B474DA2}.Debug|Any CPU.ActiveCfg = Debug|Any CPU
		{13541DAA-EC8D-4412-A5A8-7AD36B474DA2}.Debug|Any CPU.Build.0 = Debug|Any CPU
		{13541DAA-EC8D-4412-A5A8-7AD36B474DA2}.Release|Any CPU.ActiveCfg = Release|Any CPU
		{13541DAA-EC8D-4412-A5A8-7AD36B474DA2}.Release|Any CPU.Build.0 = Release|Any CPU
	EndGlobalSection
	GlobalSection(SolutionProperties) = preSolution
		HideSolutionNode = FALSE
	EndGlobalSection
	GlobalSection(ExtensibilityGlobals) = postSolution
		SolutionGuid = {A390E785-9275-418E-99DE-3A53E6958F77}
	EndGlobalSection
EndGlobal
