
Microsoft Visual Studio Solution File, Format Version 12.00
# Visual Studio 15
VisualStudioVersion = 15.0.27703.2026
MinimumVisualStudioVersion = 10.0.40219.1
Project("{FAE04EC0-301F-11D3-BF4B-00C04F79EFBC}") = "Case2.Unsolved", "Case2.Unsolved\Case2.Unsolved.csproj", "{1B2C7C40-B912-4DA5-A932-D2A8E02D0850}"
EndProject
Global
	GlobalSection(SolutionConfigurationPlatforms) = preSolution
		Debug|Any CPU = Debug|Any CPU
		Release|Any CPU = Release|Any CPU
	EndGlobalSection
	GlobalSection(ProjectConfigurationPlatforms) = postSolution
		{1B2C7C40-B912-4DA5-A932-D2A8E02D0850}.Debug|Any CPU.ActiveCfg = Debug|Any CPU
		{1B2C7C40-B912-4DA5-A932-D2A8E02D0850}.Debug|Any CPU.Build.0 = Debug|Any CPU
		{1B2C7C40-B912-4DA5-A932-D2A8E02D0850}.Release|Any CPU.ActiveCfg = Release|Any CPU
		{1B2C7C40-B912-4DA5-A932-D2A8E02D0850}.Release|Any CPU.Build.0 = Release|Any CPU
	EndGlobalSection
	GlobalSection(SolutionProperties) = preSolution
		HideSolutionNode = FALSE
	EndGlobalSection
	GlobalSection(ExtensibilityGlobals) = postSolution
		SolutionGuid = {6C9740FB-81BE-452E-8AF8-DD4466572D3B}
	EndGlobalSection
EndGlobal
