
Microsoft Visual Studio Solution File, Format Version 12.00
# Visual Studio 15
VisualStudioVersion = 15.0.27703.2035
MinimumVisualStudioVersion = 10.0.40219.1
Project("{FAE04EC0-301F-11D3-BF4B-00C04F79EFBC}") = "webCore", "webCore\webCore.csproj", "{27DBF55D-6FDB-458B-8DAA-BFBBF40916DE}"
EndProject
Global
	GlobalSection(SolutionConfigurationPlatforms) = preSolution
		Debug|Any CPU = Debug|Any CPU
		Release|Any CPU = Release|Any CPU
	EndGlobalSection
	GlobalSection(ProjectConfigurationPlatforms) = postSolution
		{27DBF55D-6FDB-458B-8DAA-BFBBF40916DE}.Debug|Any CPU.ActiveCfg = Debug|Any CPU
		{27DBF55D-6FDB-458B-8DAA-BFBBF40916DE}.Debug|Any CPU.Build.0 = Debug|Any CPU
		{27DBF55D-6FDB-458B-8DAA-BFBBF40916DE}.Release|Any CPU.ActiveCfg = Release|Any CPU
		{27DBF55D-6FDB-458B-8DAA-BFBBF40916DE}.Release|Any CPU.Build.0 = Release|Any CPU
	EndGlobalSection
	GlobalSection(SolutionProperties) = preSolution
		HideSolutionNode = FALSE
	EndGlobalSection
	GlobalSection(ExtensibilityGlobals) = postSolution
		SolutionGuid = {A35AF0DE-1637-469C-AEB4-4E010F5C0248}
	EndGlobalSection
EndGlobal
