
Microsoft Visual Studio Solution File, Format Version 12.00
# Visual Studio 15
VisualStudioVersion = 15.0.28307.271
MinimumVisualStudioVersion = 10.0.40219.1
Project("{FAE04EC0-301F-11D3-BF4B-00C04F79EFBC}") = "Case8.Unsolved", "Case8.Unsolved\Case8.Unsolved.csproj", "{80B78A20-D50B-4F71-B8DB-0FF7086E2978}"
EndProject
Global
	GlobalSection(SolutionConfigurationPlatforms) = preSolution
		Debug|Any CPU = Debug|Any CPU
		Release|Any CPU = Release|Any CPU
	EndGlobalSection
	GlobalSection(ProjectConfigurationPlatforms) = postSolution
		{80B78A20-D50B-4F71-B8DB-0FF7086E2978}.Debug|Any CPU.ActiveCfg = Debug|Any CPU
		{80B78A20-D50B-4F71-B8DB-0FF7086E2978}.Debug|Any CPU.Build.0 = Debug|Any CPU
		{80B78A20-D50B-4F71-B8DB-0FF7086E2978}.Release|Any CPU.ActiveCfg = Release|Any CPU
		{80B78A20-D50B-4F71-B8DB-0FF7086E2978}.Release|Any CPU.Build.0 = Release|Any CPU
	EndGlobalSection
	GlobalSection(SolutionProperties) = preSolution
		HideSolutionNode = FALSE
	EndGlobalSection
	GlobalSection(ExtensibilityGlobals) = postSolution
		SolutionGuid = {D0C400F3-8A80-41E0-9EE2-9933DD544B84}
	EndGlobalSection
EndGlobal
