
Microsoft Visual Studio Solution File, Format Version 12.00
# Visual Studio 15
VisualStudioVersion = 15.0.28307.421
MinimumVisualStudioVersion = 10.0.40219.1
Project("{FAE04EC0-301F-11D3-BF4B-00C04F79EFBC}") = "JournalLoader.Unsolved", "JournalLoader.Unsolved\JournalLoader.Unsolved.csproj", "{D97D8E39-3ECB-4916-A365-D3139CAE9864}"
EndProject
Global
	GlobalSection(SolutionConfigurationPlatforms) = preSolution
		Debug|Any CPU = Debug|Any CPU
		Release|Any CPU = Release|Any CPU
	EndGlobalSection
	GlobalSection(ProjectConfigurationPlatforms) = postSolution
		{D97D8E39-3ECB-4916-A365-D3139CAE9864}.Debug|Any CPU.ActiveCfg = Debug|Any CPU
		{D97D8E39-3ECB-4916-A365-D3139CAE9864}.Debug|Any CPU.Build.0 = Debug|Any CPU
		{D97D8E39-3ECB-4916-A365-D3139CAE9864}.Release|Any CPU.ActiveCfg = Release|Any CPU
		{D97D8E39-3ECB-4916-A365-D3139CAE9864}.Release|Any CPU.Build.0 = Release|Any CPU
	EndGlobalSection
	GlobalSection(SolutionProperties) = preSolution
		HideSolutionNode = FALSE
	EndGlobalSection
	GlobalSection(ExtensibilityGlobals) = postSolution
		SolutionGuid = {2E2578AC-D1F3-4EFC-94F5-2E220CAFE76E}
	EndGlobalSection
EndGlobal
