
Microsoft Visual Studio Solution File, Format Version 12.00
# Visual Studio 15
VisualStudioVersion = 15.0.27703.2026
MinimumVisualStudioVersion = 10.0.40219.1
Project("{FAE04EC0-301F-11D3-BF4B-00C04F79EFBC}") = "Case6", "Case6\Case6.csproj", "{5EB8191B-A4C6-47C9-8675-0299AF6B5B31}"
EndProject
Global
	GlobalSection(SolutionConfigurationPlatforms) = preSolution
		Debug|Any CPU = Debug|Any CPU
		Release|Any CPU = Release|Any CPU
	EndGlobalSection
	GlobalSection(ProjectConfigurationPlatforms) = postSolution
		{5EB8191B-A4C6-47C9-8675-0299AF6B5B31}.Debug|Any CPU.ActiveCfg = Debug|Any CPU
		{5EB8191B-A4C6-47C9-8675-0299AF6B5B31}.Debug|Any CPU.Build.0 = Debug|Any CPU
		{5EB8191B-A4C6-47C9-8675-0299AF6B5B31}.Release|Any CPU.ActiveCfg = Release|Any CPU
		{5EB8191B-A4C6-47C9-8675-0299AF6B5B31}.Release|Any CPU.Build.0 = Release|Any CPU
	EndGlobalSection
	GlobalSection(SolutionProperties) = preSolution
		HideSolutionNode = FALSE
	EndGlobalSection
	GlobalSection(ExtensibilityGlobals) = postSolution
		SolutionGuid = {602A3E58-F752-49AF-88CF-C67920431E71}
	EndGlobalSection
EndGlobal
